
Microsoft Visual Studio Solution File, Format Version 12.00
# Visual Studio 2013
VisualStudioVersion = 12.0.21005.1
MinimumVisualStudioVersion = 10.0.40219.1
Project("{8BC9CEB8-8B4A-11D0-8D11-00A0C91BC942}") = "babycat", "babycat\babycat.vcxproj", "{A0A3CEE6-9D90-44BD-ACCA-7CE3555B026B}"
EndProject
Project("{8BC9CEB8-8B4A-11D0-8D11-00A0C91BC942}") = "babytail", "babytail\babytail.vcxproj", "{7E655794-BC13-46B1-9F9A-13FD29EFB8A6}"
EndProject
Project("{8BC9CEB8-8B4A-11D0-8D11-00A0C91BC942}") = "babykill", "babykill\babykill.vcxproj", "{E3A72D8E-DAB1-4A10-A174-1181A01B9185}"
EndProject
Project("{8BC9CEB8-8B4A-11D0-8D11-00A0C91BC942}") = "babywc", "babywc\babywc.vcxproj", "{71EF37C2-16F9-47BE-8C76-B5487DF69BC5}"
EndProject
Global
	GlobalSection(SolutionConfigurationPlatforms) = preSolution
		Debug|Win32 = Debug|Win32
		Release|Win32 = Release|Win32
	EndGlobalSection
	GlobalSection(ProjectConfigurationPlatforms) = postSolution
		{A0A3CEE6-9D90-44BD-ACCA-7CE3555B026B}.Debug|Win32.ActiveCfg = Debug|Win32
		{A0A3CEE6-9D90-44BD-ACCA-7CE3555B026B}.Debug|Win32.Build.0 = Debug|Win32
		{A0A3CEE6-9D90-44BD-ACCA-7CE3555B026B}.Release|Win32.ActiveCfg = Release|Win32
		{A0A3CEE6-9D90-44BD-ACCA-7CE3555B026B}.Release|Win32.Build.0 = Release|Win32
		{7E655794-BC13-46B1-9F9A-13FD29EFB8A6}.Debug|Win32.ActiveCfg = Debug|Win32
		{7E655794-BC13-46B1-9F9A-13FD29EFB8A6}.Debug|Win32.Build.0 = Debug|Win32
		{7E655794-BC13-46B1-9F9A-13FD29EFB8A6}.Release|Win32.ActiveCfg = Release|Win32
		{7E655794-BC13-46B1-9F9A-13FD29EFB8A6}.Release|Win32.Build.0 = Release|Win32
		{E3A72D8E-DAB1-4A10-A174-1181A01B9185}.Debug|Win32.ActiveCfg = Debug|Win32
		{E3A72D8E-DAB1-4A10-A174-1181A01B9185}.Debug|Win32.Build.0 = Debug|Win32
		{E3A72D8E-DAB1-4A10-A174-1181A01B9185}.Release|Win32.ActiveCfg = Release|Win32
		{E3A72D8E-DAB1-4A10-A174-1181A01B9185}.Release|Win32.Build.0 = Release|Win32
		{71EF37C2-16F9-47BE-8C76-B5487DF69BC5}.Debug|Win32.ActiveCfg = Debug|Win32
		{71EF37C2-16F9-47BE-8C76-B5487DF69BC5}.Debug|Win32.Build.0 = Debug|Win32
		{71EF37C2-16F9-47BE-8C76-B5487DF69BC5}.Release|Win32.ActiveCfg = Release|Win32
		{71EF37C2-16F9-47BE-8C76-B5487DF69BC5}.Release|Win32.Build.0 = Release|Win32
	EndGlobalSection
	GlobalSection(SolutionProperties) = preSolution
		HideSolutionNode = FALSE
	EndGlobalSection
EndGlobal
